// !$*UTF8*$!
{
	archiveVersion = 1;
	classes = {
	};
	objectVersion = 56;
	objects = {

/* Begin PBXBuildFile section */
		392B79EEB384D4AA603A1FBF /* Pods_CartoonImagesTests.framework in Frameworks */ = {isa = PBXBuildFile; fileRef = 3343FEB1234EE9272DA26412 /* Pods_CartoonImagesTests.framework */; };
		A3E579A77711374CA7E9B8D6 /* Pods_CartoonImages.framework in Frameworks */ = {isa = PBXBuildFile; fileRef = 96D342CDF58A28354F783AFE /* Pods_CartoonImages.framework */; };
		B6F13A374466FE21626F7205 /* Pods_CartoonImages_CartoonImagesUITests.framework in Frameworks */ = {isa = PBXBuildFile; fileRef = 27B7592F3C5C08AEAABCB37B /* Pods_CartoonImages_CartoonImagesUITests.framework */; };
		DB05A7812D89AAAD00E0E38A /* ImageProcessingEffectSectionView.swift in Sources */ = {isa = PBXBuildFile; fileRef = DB05A7802D89AAAD00E0E38A /* ImageProcessingEffectSectionView.swift */; };
		DB080D7F2D07363900A602D9 /* ImageModel.swift in Sources */ = {isa = PBXBuildFile; fileRef = DB080D7E2D07363900A602D9 /* ImageModel.swift */; };
		DB26CE212D9284270011DEEB /* AnnouncementView.swift in Sources */ = {isa = PBXBuildFile; fileRef = DB26CE202D9284270011DEEB /* AnnouncementView.swift */; };
		DB26CE232D9285E90011DEEB /* ProfileAction.swift in Sources */ = {isa = PBXBuildFile; fileRef = DB26CE222D9285E90011DEEB /* ProfileAction.swift */; };
		DB26CE252D9287680011DEEB /* ProfileReducer.swift in Sources */ = {isa = PBXBuildFile; fileRef = DB26CE242D9287680011DEEB /* ProfileReducer.swift */; };
		DB2CEB112CF077B7006D7C52 /* CustomCameraView.swift in Sources */ = {isa = PBXBuildFile; fileRef = DB2CEB102CF077B7006D7C52 /* CustomCameraView.swift */; };
		DB2F11DC2CD7993D005EF0E5 /* ImageProcessingView.swift in Sources */ = {isa = PBXBuildFile; fileRef = DB2F11D22CD7993D005EF0E5 /* ImageProcessingView.swift */; };
		DB2F11DD2CD7993D005EF0E5 /* ContentView.swift in Sources */ = {isa = PBXBuildFile; fileRef = DB2F11D32CD7993D005EF0E5 /* ContentView.swift */; };
		DB2F11E62CD7A0D5005EF0E5 /* ImagePicker.swift in Sources */ = {isa = PBXBuildFile; fileRef = DB2F11E22CD7A0D5005EF0E5 /* ImagePicker.swift */; };
		DB2F11FA2CDB9FC9005EF0E5 /* User.swift in Sources */ = {isa = PBXBuildFile; fileRef = DB2F11F92CDB9FC9005EF0E5 /* User.swift */; };
		DB2F11FD2CDBA12A005EF0E5 /* LoginView.swift in Sources */ = {isa = PBXBuildFile; fileRef = DB2F11FB2CDBA129005EF0E5 /* LoginView.swift */; };
		DB2F11FE2CDBA12A005EF0E5 /* MainView.swift in Sources */ = {isa = PBXBuildFile; fileRef = DB2F11FC2CDBA12A005EF0E5 /* MainView.swift */; };
		DB2F12022CDBA404005EF0E5 /* NetworkService.swift in Sources */ = {isa = PBXBuildFile; fileRef = DB2F12002CDBA404005EF0E5 /* NetworkService.swift */; };
		DB2F12032CDBA404005EF0E5 /* API.swift in Sources */ = {isa = PBXBuildFile; fileRef = DB2F12012CDBA404005EF0E5 /* API.swift */; };
		DB37E12E2D087F0100319037 /* ImageModelTypeSelectionView.swift in Sources */ = {isa = PBXBuildFile; fileRef = DB37E12D2D087F0100319037 /* ImageModelTypeSelectionView.swift */; };
		DB37E1302D09DA1000319037 /* PaymentPlanView.swift in Sources */ = {isa = PBXBuildFile; fileRef = DB37E12F2D09DA1000319037 /* PaymentPlanView.swift */; };
		DB5A681B2CD7968800F1D151 /* CartoonImagesApp.swift in Sources */ = {isa = PBXBuildFile; fileRef = DB5A681A2CD7968800F1D151 /* CartoonImagesApp.swift */; };
		DB5A681F2CD7968A00F1D151 /* Assets.xcassets in Resources */ = {isa = PBXBuildFile; fileRef = DB5A681E2CD7968A00F1D151 /* Assets.xcassets */; };
		DB5A68222CD7968A00F1D151 /* Preview Assets.xcassets in Resources */ = {isa = PBXBuildFile; fileRef = DB5A68212CD7968A00F1D151 /* Preview Assets.xcassets */; };
		DB5A682C2CD7968A00F1D151 /* CartoonImagesTests.swift in Sources */ = {isa = PBXBuildFile; fileRef = DB5A682B2CD7968A00F1D151 /* CartoonImagesTests.swift */; };
		DB5A68362CD7968A00F1D151 /* CartoonImagesUITests.swift in Sources */ = {isa = PBXBuildFile; fileRef = DB5A68352CD7968A00F1D151 /* CartoonImagesUITests.swift */; };
		DB5A68382CD7968A00F1D151 /* CartoonImagesUITestsLaunchTests.swift in Sources */ = {isa = PBXBuildFile; fileRef = DB5A68372CD7968A00F1D151 /* CartoonImagesUITestsLaunchTests.swift */; };
		DB6E964E2D58501C007DBCF0 /* Kingfisher in Frameworks */ = {isa = PBXBuildFile; productRef = DB6E964D2D58501C007DBCF0 /* Kingfisher */; };
		DBABC6262CDC5281001FD8C0 /* ImageProcessor.swift in Sources */ = {isa = PBXBuildFile; fileRef = DBABC6252CDC5281001FD8C0 /* ImageProcessor.swift */; };
		DBABC6382CDC6A3B001FD8C0 /* AppState.swift in Sources */ = {isa = PBXBuildFile; fileRef = DBABC62C2CDC6A3B001FD8C0 /* AppState.swift */; };
		DBABC63A2CDC6A3B001FD8C0 /* AppAction.swift in Sources */ = {isa = PBXBuildFile; fileRef = DBABC62F2CDC6A3B001FD8C0 /* AppAction.swift */; };
		DBABC63B2CDC6A3B001FD8C0 /* ImageAction.swift in Sources */ = {isa = PBXBuildFile; fileRef = DBABC6302CDC6A3B001FD8C0 /* ImageAction.swift */; };
		DBABC63C2CDC6A3B001FD8C0 /* Store.swift in Sources */ = {isa = PBXBuildFile; fileRef = DBABC6312CDC6A3B001FD8C0 /* Store.swift */; };
		DBABC63D2CDC6A3B001FD8C0 /* ImageReducer.swift in Sources */ = {isa = PBXBuildFile; fileRef = DBABC6332CDC6A3B001FD8C0 /* ImageReducer.swift */; };
		DBABC63E2CDC6A3B001FD8C0 /* AppReducer.swift in Sources */ = {isa = PBXBuildFile; fileRef = DBABC6342CDC6A3B001FD8C0 /* AppReducer.swift */; };
		DBABC64B2CDC6B95001FD8C0 /* NetworkMiddleware.swift in Sources */ = {isa = PBXBuildFile; fileRef = DBABC6422CDC6B95001FD8C0 /* NetworkMiddleware.swift */; };
		DBABC6512CDC717C001FD8C0 /* AuthReducer.swift in Sources */ = {isa = PBXBuildFile; fileRef = DBABC6502CDC717C001FD8C0 /* AuthReducer.swift */; };
		DBABC6542CDE5100001FD8C0 /* PaymentService.swift in Sources */ = {isa = PBXBuildFile; fileRef = DBABC6532CDE5100001FD8C0 /* PaymentService.swift */; };
		DBABC6562CDE5119001FD8C0 /* PaymentAction.swift in Sources */ = {isa = PBXBuildFile; fileRef = DBABC6552CDE5119001FD8C0 /* PaymentAction.swift */; };
		DBABC6582CDE512B001FD8C0 /* AuthAction.swift in Sources */ = {isa = PBXBuildFile; fileRef = DBABC6572CDE512B001FD8C0 /* AuthAction.swift */; };
		DBABC65A2CDE513D001FD8C0 /* PaymentReducer.swift in Sources */ = {isa = PBXBuildFile; fileRef = DBABC6592CDE513D001FD8C0 /* PaymentReducer.swift */; };
		DBABC65D2CDE567F001FD8C0 /* ImageProcessingViewModel.swift in Sources */ = {isa = PBXBuildFile; fileRef = DBABC65C2CDE567F001FD8C0 /* ImageProcessingViewModel.swift */; };
		DBDE9CC02D0B3354005EBAFC /* UserProfileView.swift in Sources */ = {isa = PBXBuildFile; fileRef = DBDE9CBF2D0B3354005EBAFC /* UserProfileView.swift */; };
		DBE1F82B2D1301B200084871 /* UINavigationController+BackButton.swift in Sources */ = {isa = PBXBuildFile; fileRef = DBE1F82A2D1301B200084871 /* UINavigationController+BackButton.swift */; };
		DBEE755C2CF17B6A00A833AD /* PhotoConfirmationView.swift in Sources */ = {isa = PBXBuildFile; fileRef = DBEE755B2CF17B6A00A833AD /* PhotoConfirmationView.swift */; };
		DBF1EF462D15A0B0000FA4FE /* StoreKit.framework in Frameworks */ = {isa = PBXBuildFile; fileRef = DBF1EF452D15A0B0000FA4FE /* StoreKit.framework */; };
		DBF1EF4B2D1694FE000FA4FE /* Localizable.strings in Resources */ = {isa = PBXBuildFile; fileRef = DBF1EF482D1694FE000FA4FE /* Localizable.strings */; };
		DBF1EF4D2D16951A000FA4FE /* LocalizationManager.swift in Sources */ = {isa = PBXBuildFile; fileRef = DBF1EF4C2D16951A000FA4FE /* LocalizationManager.swift */; };
		DBF1EF502D169F45000FA4FE /* InfoPlist.strings in Resources */ = {isa = PBXBuildFile; fileRef = DBF1EF4E2D169F45000FA4FE /* InfoPlist.strings */; };
		DBF1EF542D16A03E000FA4FE /* Bundle+Version.swift in Sources */ = {isa = PBXBuildFile; fileRef = DBF1EF532D16A03E000FA4FE /* Bundle+Version.swift */; };
		DBF1EF5A2D16A31C000FA4FE /* PrivacyPolicy.txt in Resources */ = {isa = PBXBuildFile; fileRef = DBF1EF562D16A31C000FA4FE /* PrivacyPolicy.txt */; };
		DBF1EF5B2D16A31C000FA4FE /* UserAgreement.txt in Resources */ = {isa = PBXBuildFile; fileRef = DBF1EF582D16A31C000FA4FE /* UserAgreement.txt */; };
		DBF1EF622D16AA86000FA4FE /* PrivacyPolicy_en.txt in Resources */ = {isa = PBXBuildFile; fileRef = DBF1EF5E2D16AA86000FA4FE /* PrivacyPolicy_en.txt */; };
		DBF1EF632D16AA86000FA4FE /* UserAgreement_zh.txt in Resources */ = {isa = PBXBuildFile; fileRef = DBF1EF5F2D16AA86000FA4FE /* UserAgreement_zh.txt */; };
		DBF1EF642D16AA86000FA4FE /* PrivacyPolicy_zh.txt in Resources */ = {isa = PBXBuildFile; fileRef = DBF1EF602D16AA86000FA4FE /* PrivacyPolicy_zh.txt */; };
		DBF1EF652D16AA86000FA4FE /* UserAgreement_en.txt in Resources */ = {isa = PBXBuildFile; fileRef = DBF1EF612D16AA86000FA4FE /* UserAgreement_en.txt */; };
		DBF1EF672D182EAA000FA4FE /* NetworkPermissionManager.swift in Sources */ = {isa = PBXBuildFile; fileRef = DBF1EF662D182EAA000FA4FE /* NetworkPermissionManager.swift */; };
		DBF1EF692D183929000FA4FE /* WatermarkManager.swift in Sources */ = {isa = PBXBuildFile; fileRef = DBF1EF682D183929000FA4FE /* WatermarkManager.swift */; };
		DBF1EF6E2D1A5E65000FA4FE /* Logger.swift in Sources */ = {isa = PBXBuildFile; fileRef = DBF1EF6D2D1A5E65000FA4FE /* Logger.swift */; };
		DBF1EF702D1BD466000FA4FE /* MailHelper.swift in Sources */ = {isa = PBXBuildFile; fileRef = DBF1EF6F2D1BD466000FA4FE /* MailHelper.swift */; };
		DBFCDD772CF2DEEA0067D73C /* PaymentView.swift in Sources */ = {isa = PBXBuildFile; fileRef = DBFCDD762CF2DEEA0067D73C /* PaymentView.swift */; };
		DBFCDD7B2CF374EB0067D73C /* ThemeManager.swift in Sources */ = {isa = PBXBuildFile; fileRef = DBFCDD7A2CF374EB0067D73C /* ThemeManager.swift */; };
		DBFCDD7E2CF407870067D73C /* ProfileView.swift in Sources */ = {isa = PBXBuildFile; fileRef = DBFCDD7C2CF407870067D73C /* ProfileView.swift */; };
		DBFCDD7F2CF407870067D73C /* SettingsView.swift in Sources */ = {isa = PBXBuildFile; fileRef = DBFCDD7D2CF407870067D73C /* SettingsView.swift */; };
		DBFCDD812CF408410067D73C /* ShareSheet.swift in Sources */ = {isa = PBXBuildFile; fileRef = DBFCDD802CF408410067D73C /* ShareSheet.swift */; };
		DBFCDD852CF5B6690067D73C /* ModelGridView.swift in Sources */ = {isa = PBXBuildFile; fileRef = DBFCDD832CF5B6690067D73C /* ModelGridView.swift */; };
		DBFCDD862CF5B6690067D73C /* CarouselView.swift in Sources */ = {isa = PBXBuildFile; fileRef = DBFCDD842CF5B6690067D73C /* CarouselView.swift */; };
		DBFEA4992D0182FF007C73AE /*  LaunchScreen.storyboard in Resources */ = {isa = PBXBuildFile; fileRef = DBFEA4982D0182FF007C73AE /*  LaunchScreen.storyboard */; };
/* End PBXBuildFile section */

/* Begin PBXContainerItemProxy section */
		DB5A68282CD7968A00F1D151 /* PBXContainerItemProxy */ = {
			isa = PBXContainerItemProxy;
			containerPortal = DB5A680F2CD7968800F1D151 /* Project object */;
			proxyType = 1;
			remoteGlobalIDString = DB5A68162CD7968800F1D151;
			remoteInfo = CartoonImages;
		};
		DB5A68322CD7968A00F1D151 /* PBXContainerItemProxy */ = {
			isa = PBXContainerItemProxy;
			containerPortal = DB5A680F2CD7968800F1D151 /* Project object */;
			proxyType = 1;
			remoteGlobalIDString = DB5A68162CD7968800F1D151;
			remoteInfo = CartoonImages;
		};
/* End PBXContainerItemProxy section */

/* Begin PBXFileReference section */
		148B78E86428C44923E89C92 /* Pods-CartoonImages-CartoonImagesUITests.debug.xcconfig */ = {isa = PBXFileReference; includeInIndex = 1; lastKnownFileType = text.xcconfig; name = "Pods-CartoonImages-CartoonImagesUITests.debug.xcconfig"; path = "Target Support Files/Pods-CartoonImages-CartoonImagesUITests/Pods-CartoonImages-CartoonImagesUITests.debug.xcconfig"; sourceTree = "<group>"; };
		27B7592F3C5C08AEAABCB37B /* Pods_CartoonImages_CartoonImagesUITests.framework */ = {isa = PBXFileReference; explicitFileType = wrapper.framework; includeInIndex = 0; path = Pods_CartoonImages_CartoonImagesUITests.framework; sourceTree = BUILT_PRODUCTS_DIR; };
		3343FEB1234EE9272DA26412 /* Pods_CartoonImagesTests.framework */ = {isa = PBXFileReference; explicitFileType = wrapper.framework; includeInIndex = 0; path = Pods_CartoonImagesTests.framework; sourceTree = BUILT_PRODUCTS_DIR; };
		618A6E0DF904189E0DA1C108 /* Pods-CartoonImagesTests.release.xcconfig */ = {isa = PBXFileReference; includeInIndex = 1; lastKnownFileType = text.xcconfig; name = "Pods-CartoonImagesTests.release.xcconfig"; path = "Target Support Files/Pods-CartoonImagesTests/Pods-CartoonImagesTests.release.xcconfig"; sourceTree = "<group>"; };
		731FB986F41F41B68FF708CD /* Pods-CartoonImages.release.xcconfig */ = {isa = PBXFileReference; includeInIndex = 1; lastKnownFileType = text.xcconfig; name = "Pods-CartoonImages.release.xcconfig"; path = "Target Support Files/Pods-CartoonImages/Pods-CartoonImages.release.xcconfig"; sourceTree = "<group>"; };
		9038C5FC2559873A082BB22C /* Pods-CartoonImages.debug.xcconfig */ = {isa = PBXFileReference; includeInIndex = 1; lastKnownFileType = text.xcconfig; name = "Pods-CartoonImages.debug.xcconfig"; path = "Target Support Files/Pods-CartoonImages/Pods-CartoonImages.debug.xcconfig"; sourceTree = "<group>"; };
		96D342CDF58A28354F783AFE /* Pods_CartoonImages.framework */ = {isa = PBXFileReference; explicitFileType = wrapper.framework; includeInIndex = 0; path = Pods_CartoonImages.framework; sourceTree = BUILT_PRODUCTS_DIR; };
		B835B7F1DB0DF1C6F2A073E2 /* Pods-CartoonImagesTests.debug.xcconfig */ = {isa = PBXFileReference; includeInIndex = 1; lastKnownFileType = text.xcconfig; name = "Pods-CartoonImagesTests.debug.xcconfig"; path = "Target Support Files/Pods-CartoonImagesTests/Pods-CartoonImagesTests.debug.xcconfig"; sourceTree = "<group>"; };
		D347D9BE7FEA0A172EC8A770 /* Pods-CartoonImages-CartoonImagesUITests.release.xcconfig */ = {isa = PBXFileReference; includeInIndex = 1; lastKnownFileType = text.xcconfig; name = "Pods-CartoonImages-CartoonImagesUITests.release.xcconfig"; path = "Target Support Files/Pods-CartoonImages-CartoonImagesUITests/Pods-CartoonImages-CartoonImagesUITests.release.xcconfig"; sourceTree = "<group>"; };
		DB05A7802D89AAAD00E0E38A /* ImageProcessingEffectSectionView.swift */ = {isa = PBXFileReference; lastKnownFileType = sourcecode.swift; path = ImageProcessingEffectSectionView.swift; sourceTree = "<group>"; };
		DB080D7E2D07363900A602D9 /* ImageModel.swift */ = {isa = PBXFileReference; lastKnownFileType = sourcecode.swift; path = ImageModel.swift; sourceTree = "<group>"; };
		DB26CE202D9284270011DEEB /* AnnouncementView.swift */ = {isa = PBXFileReference; lastKnownFileType = sourcecode.swift; path = AnnouncementView.swift; sourceTree = "<group>"; };
		DB26CE222D9285E90011DEEB /* ProfileAction.swift */ = {isa = PBXFileReference; lastKnownFileType = sourcecode.swift; path = ProfileAction.swift; sourceTree = "<group>"; };
		DB26CE242D9287680011DEEB /* ProfileReducer.swift */ = {isa = PBXFileReference; lastKnownFileType = sourcecode.swift; path = ProfileReducer.swift; sourceTree = "<group>"; };
		DB2CEB102CF077B7006D7C52 /* CustomCameraView.swift */ = {isa = PBXFileReference; fileEncoding = 4; lastKnownFileType = sourcecode.swift; path = CustomCameraView.swift; sourceTree = "<group>"; };
		DB2F11D22CD7993D005EF0E5 /* ImageProcessingView.swift */ = {isa = PBXFileReference; fileEncoding = 4; lastKnownFileType = sourcecode.swift; path = ImageProcessingView.swift; sourceTree = "<group>"; };
		DB2F11D32CD7993D005EF0E5 /* ContentView.swift */ = {isa = PBXFileReference; fileEncoding = 4; lastKnownFileType = sourcecode.swift; path = ContentView.swift; sourceTree = "<group>"; };
		DB2F11E22CD7A0D5005EF0E5 /* ImagePicker.swift */ = {isa = PBXFileReference; fileEncoding = 4; lastKnownFileType = sourcecode.swift; path = ImagePicker.swift; sourceTree = "<group>"; };
		DB2F11F92CDB9FC9005EF0E5 /* User.swift */ = {isa = PBXFileReference; fileEncoding = 4; lastKnownFileType = sourcecode.swift; path = User.swift; sourceTree = "<group>"; };
		DB2F11FB2CDBA129005EF0E5 /* LoginView.swift */ = {isa = PBXFileReference; fileEncoding = 4; lastKnownFileType = sourcecode.swift; path = LoginView.swift; sourceTree = "<group>"; };
		DB2F11FC2CDBA12A005EF0E5 /* MainView.swift */ = {isa = PBXFileReference; fileEncoding = 4; lastKnownFileType = sourcecode.swift; path = MainView.swift; sourceTree = "<group>"; };
		DB2F12002CDBA404005EF0E5 /* NetworkService.swift */ = {isa = PBXFileReference; fileEncoding = 4; lastKnownFileType = sourcecode.swift; path = NetworkService.swift; sourceTree = "<group>"; };
		DB2F12012CDBA404005EF0E5 /* API.swift */ = {isa = PBXFileReference; fileEncoding = 4; lastKnownFileType = sourcecode.swift; path = API.swift; sourceTree = "<group>"; };
		DB37E12D2D087F0100319037 /* ImageModelTypeSelectionView.swift */ = {isa = PBXFileReference; lastKnownFileType = sourcecode.swift; path = ImageModelTypeSelectionView.swift; sourceTree = "<group>"; };
		DB37E12F2D09DA1000319037 /* PaymentPlanView.swift */ = {isa = PBXFileReference; lastKnownFileType = sourcecode.swift; path = PaymentPlanView.swift; sourceTree = "<group>"; };
		DB5A68172CD7968800F1D151 /* CartoonImages.app */ = {isa = PBXFileReference; explicitFileType = wrapper.application; includeInIndex = 0; path = CartoonImages.app; sourceTree = BUILT_PRODUCTS_DIR; };
		DB5A681A2CD7968800F1D151 /* CartoonImagesApp.swift */ = {isa = PBXFileReference; lastKnownFileType = sourcecode.swift; path = CartoonImagesApp.swift; sourceTree = "<group>"; };
		DB5A681E2CD7968A00F1D151 /* Assets.xcassets */ = {isa = PBXFileReference; lastKnownFileType = folder.assetcatalog; path = Assets.xcassets; sourceTree = "<group>"; };
		DB5A68212CD7968A00F1D151 /* Preview Assets.xcassets */ = {isa = PBXFileReference; lastKnownFileType = folder.assetcatalog; path = "Preview Assets.xcassets"; sourceTree = "<group>"; };
		DB5A68272CD7968A00F1D151 /* CartoonImagesTests.xctest */ = {isa = PBXFileReference; explicitFileType = wrapper.cfbundle; includeInIndex = 0; path = CartoonImagesTests.xctest; sourceTree = BUILT_PRODUCTS_DIR; };
		DB5A682B2CD7968A00F1D151 /* CartoonImagesTests.swift */ = {isa = PBXFileReference; lastKnownFileType = sourcecode.swift; path = CartoonImagesTests.swift; sourceTree = "<group>"; };
		DB5A68312CD7968A00F1D151 /* CartoonImagesUITests.xctest */ = {isa = PBXFileReference; explicitFileType = wrapper.cfbundle; includeInIndex = 0; path = CartoonImagesUITests.xctest; sourceTree = BUILT_PRODUCTS_DIR; };
		DB5A68352CD7968A00F1D151 /* CartoonImagesUITests.swift */ = {isa = PBXFileReference; lastKnownFileType = sourcecode.swift; path = CartoonImagesUITests.swift; sourceTree = "<group>"; };
		DB5A68372CD7968A00F1D151 /* CartoonImagesUITestsLaunchTests.swift */ = {isa = PBXFileReference; lastKnownFileType = sourcecode.swift; path = CartoonImagesUITestsLaunchTests.swift; sourceTree = "<group>"; };
		DBABC6252CDC5281001FD8C0 /* ImageProcessor.swift */ = {isa = PBXFileReference; fileEncoding = 4; lastKnownFileType = sourcecode.swift; path = ImageProcessor.swift; sourceTree = "<group>"; };
		DBABC62C2CDC6A3B001FD8C0 /* AppState.swift */ = {isa = PBXFileReference; fileEncoding = 4; lastKnownFileType = sourcecode.swift; path = AppState.swift; sourceTree = "<group>"; };
		DBABC62F2CDC6A3B001FD8C0 /* AppAction.swift */ = {isa = PBXFileReference; fileEncoding = 4; lastKnownFileType = sourcecode.swift; path = AppAction.swift; sourceTree = "<group>"; };
		DBABC6302CDC6A3B001FD8C0 /* ImageAction.swift */ = {isa = PBXFileReference; fileEncoding = 4; lastKnownFileType = sourcecode.swift; path = ImageAction.swift; sourceTree = "<group>"; };
		DBABC6312CDC6A3B001FD8C0 /* Store.swift */ = {isa = PBXFileReference; fileEncoding = 4; lastKnownFileType = sourcecode.swift; path = Store.swift; sourceTree = "<group>"; };
		DBABC6332CDC6A3B001FD8C0 /* ImageReducer.swift */ = {isa = PBXFileReference; fileEncoding = 4; lastKnownFileType = sourcecode.swift; path = ImageReducer.swift; sourceTree = "<group>"; };
		DBABC6342CDC6A3B001FD8C0 /* AppReducer.swift */ = {isa = PBXFileReference; fileEncoding = 4; lastKnownFileType = sourcecode.swift; path = AppReducer.swift; sourceTree = "<group>"; };
		DBABC6422CDC6B95001FD8C0 /* NetworkMiddleware.swift */ = {isa = PBXFileReference; fileEncoding = 4; lastKnownFileType = sourcecode.swift; path = NetworkMiddleware.swift; sourceTree = "<group>"; };
		DBABC6502CDC717C001FD8C0 /* AuthReducer.swift */ = {isa = PBXFileReference; fileEncoding = 4; lastKnownFileType = sourcecode.swift; path = AuthReducer.swift; sourceTree = "<group>"; };
		DBABC6532CDE5100001FD8C0 /* PaymentService.swift */ = {isa = PBXFileReference; fileEncoding = 4; lastKnownFileType = sourcecode.swift; path = PaymentService.swift; sourceTree = "<group>"; };
		DBABC6552CDE5119001FD8C0 /* PaymentAction.swift */ = {isa = PBXFileReference; fileEncoding = 4; lastKnownFileType = sourcecode.swift; path = PaymentAction.swift; sourceTree = "<group>"; };
		DBABC6572CDE512B001FD8C0 /* AuthAction.swift */ = {isa = PBXFileReference; fileEncoding = 4; lastKnownFileType = sourcecode.swift; path = AuthAction.swift; sourceTree = "<group>"; };
		DBABC6592CDE513D001FD8C0 /* PaymentReducer.swift */ = {isa = PBXFileReference; fileEncoding = 4; lastKnownFileType = sourcecode.swift; path = PaymentReducer.swift; sourceTree = "<group>"; };
		DBABC65C2CDE567F001FD8C0 /* ImageProcessingViewModel.swift */ = {isa = PBXFileReference; fileEncoding = 4; lastKnownFileType = sourcecode.swift; path = ImageProcessingViewModel.swift; sourceTree = "<group>"; };
		DBDE9CBF2D0B3354005EBAFC /* UserProfileView.swift */ = {isa = PBXFileReference; lastKnownFileType = sourcecode.swift; path = UserProfileView.swift; sourceTree = "<group>"; };
		DBE1F8262D1010C600084871 /* Test1.storekit */ = {isa = PBXFileReference; lastKnownFileType = text; path = Test1.storekit; sourceTree = "<group>"; };
		DBE1F82A2D1301B200084871 /* UINavigationController+BackButton.swift */ = {isa = PBXFileReference; lastKnownFileType = sourcecode.swift; path = "UINavigationController+BackButton.swift"; sourceTree = "<group>"; };
		DBEE755B2CF17B6A00A833AD /* PhotoConfirmationView.swift */ = {isa = PBXFileReference; fileEncoding = 4; lastKnownFileType = sourcecode.swift; path = PhotoConfirmationView.swift; sourceTree = "<group>"; };
		DBF1EF452D15A0B0000FA4FE /* StoreKit.framework */ = {isa = PBXFileReference; lastKnownFileType = wrapper.framework; name = StoreKit.framework; path = System/Library/Frameworks/StoreKit.framework; sourceTree = SDKROOT; };
		DBF1EF492D1694FE000FA4FE /* zh-Hans */ = {isa = PBXFileReference; lastKnownFileType = text.plist.strings; name = "zh-Hans"; path = "zh-Hans.lproj/Localizable.strings"; sourceTree = "<group>"; };
		DBF1EF4A2D1694FE000FA4FE /* en */ = {isa = PBXFileReference; lastKnownFileType = text.plist.strings; name = en; path = en.lproj/Localizable.strings; sourceTree = "<group>"; };
		DBF1EF4C2D16951A000FA4FE /* LocalizationManager.swift */ = {isa = PBXFileReference; fileEncoding = 4; lastKnownFileType = sourcecode.swift; path = LocalizationManager.swift; sourceTree = "<group>"; };
		DBF1EF4F2D169F45000FA4FE /* en */ = {isa = PBXFileReference; lastKnownFileType = text.plist.strings; name = en; path = en.lproj/InfoPlist.strings; sourceTree = "<group>"; };
		DBF1EF512D169F5D000FA4FE /* zh-Hans */ = {isa = PBXFileReference; lastKnownFileType = text.plist.strings; name = "zh-Hans"; path = "zh-Hans.lproj/InfoPlist.strings"; sourceTree = "<group>"; };
		DBF1EF532D16A03E000FA4FE /* Bundle+Version.swift */ = {isa = PBXFileReference; fileEncoding = 4; lastKnownFileType = sourcecode.swift; path = "Bundle+Version.swift"; sourceTree = "<group>"; };
		DBF1EF552D16A091000FA4FE /* SharedConfig.xcconfig */ = {isa = PBXFileReference; lastKnownFileType = text.xcconfig; path = SharedConfig.xcconfig; sourceTree = "<group>"; };
		DBF1EF572D16A31C000FA4FE /* en */ = {isa = PBXFileReference; lastKnownFileType = text; name = en; path = en.lproj/PrivacyPolicy.txt; sourceTree = "<group>"; };
		DBF1EF592D16A31C000FA4FE /* en */ = {isa = PBXFileReference; lastKnownFileType = text; name = en; path = en.lproj/UserAgreement.txt; sourceTree = "<group>"; };
		DBF1EF5C2D16A349000FA4FE /* zh-Hans */ = {isa = PBXFileReference; lastKnownFileType = text; name = "zh-Hans"; path = "zh-Hans.lproj/PrivacyPolicy.txt"; sourceTree = "<group>"; };
		DBF1EF5D2D16A349000FA4FE /* zh-Hans */ = {isa = PBXFileReference; lastKnownFileType = text; name = "zh-Hans"; path = "zh-Hans.lproj/UserAgreement.txt"; sourceTree = "<group>"; };
		DBF1EF5E2D16AA86000FA4FE /* PrivacyPolicy_en.txt */ = {isa = PBXFileReference; fileEncoding = 4; lastKnownFileType = text; path = PrivacyPolicy_en.txt; sourceTree = "<group>"; };
		DBF1EF5F2D16AA86000FA4FE /* UserAgreement_zh.txt */ = {isa = PBXFileReference; fileEncoding = 4; lastKnownFileType = text; path = UserAgreement_zh.txt; sourceTree = "<group>"; };
		DBF1EF602D16AA86000FA4FE /* PrivacyPolicy_zh.txt */ = {isa = PBXFileReference; fileEncoding = 4; lastKnownFileType = text; path = PrivacyPolicy_zh.txt; sourceTree = "<group>"; };
		DBF1EF612D16AA86000FA4FE /* UserAgreement_en.txt */ = {isa = PBXFileReference; fileEncoding = 4; lastKnownFileType = text; path = UserAgreement_en.txt; sourceTree = "<group>"; };
		DBF1EF662D182EAA000FA4FE /* NetworkPermissionManager.swift */ = {isa = PBXFileReference; fileEncoding = 4; lastKnownFileType = sourcecode.swift; path = NetworkPermissionManager.swift; sourceTree = "<group>"; };
		DBF1EF682D183929000FA4FE /* WatermarkManager.swift */ = {isa = PBXFileReference; fileEncoding = 4; lastKnownFileType = sourcecode.swift; path = WatermarkManager.swift; sourceTree = "<group>"; };
		DBF1EF6A2D184968000FA4FE /* Info.plist */ = {isa = PBXFileReference; lastKnownFileType = text.plist.xml; path = Info.plist; sourceTree = "<group>"; };
		DBF1EF6C2D1A4878000FA4FE /* Toon.storekit */ = {isa = PBXFileReference; lastKnownFileType = text; path = Toon.storekit; sourceTree = "<group>"; };
		DBF1EF6D2D1A5E65000FA4FE /* Logger.swift */ = {isa = PBXFileReference; fileEncoding = 4; lastKnownFileType = sourcecode.swift; path = Logger.swift; sourceTree = "<group>"; };
		DBF1EF6F2D1BD466000FA4FE /* MailHelper.swift */ = {isa = PBXFileReference; fileEncoding = 4; lastKnownFileType = sourcecode.swift; path = MailHelper.swift; sourceTree = "<group>"; };
		DBFCDD762CF2DEEA0067D73C /* PaymentView.swift */ = {isa = PBXFileReference; fileEncoding = 4; lastKnownFileType = sourcecode.swift; path = PaymentView.swift; sourceTree = "<group>"; };
		DBFCDD7A2CF374EB0067D73C /* ThemeManager.swift */ = {isa = PBXFileReference; fileEncoding = 4; lastKnownFileType = sourcecode.swift; path = ThemeManager.swift; sourceTree = "<group>"; };
		DBFCDD7C2CF407870067D73C /* ProfileView.swift */ = {isa = PBXFileReference; fileEncoding = 4; lastKnownFileType = sourcecode.swift; path = ProfileView.swift; sourceTree = "<group>"; };
		DBFCDD7D2CF407870067D73C /* SettingsView.swift */ = {isa = PBXFileReference; fileEncoding = 4; lastKnownFileType = sourcecode.swift; path = SettingsView.swift; sourceTree = "<group>"; };
		DBFCDD802CF408410067D73C /* ShareSheet.swift */ = {isa = PBXFileReference; fileEncoding = 4; lastKnownFileType = sourcecode.swift; path = ShareSheet.swift; sourceTree = "<group>"; };
		DBFCDD832CF5B6690067D73C /* ModelGridView.swift */ = {isa = PBXFileReference; fileEncoding = 4; lastKnownFileType = sourcecode.swift; path = ModelGridView.swift; sourceTree = "<group>"; };
		DBFCDD842CF5B6690067D73C /* CarouselView.swift */ = {isa = PBXFileReference; fileEncoding = 4; lastKnownFileType = sourcecode.swift; path = CarouselView.swift; sourceTree = "<group>"; };
		DBFEA4982D0182FF007C73AE /*  LaunchScreen.storyboard */ = {isa = PBXFileReference; lastKnownFileType = file.storyboard; path = " LaunchScreen.storyboard"; sourceTree = "<group>"; };
/* End PBXFileReference section */

/* Begin PBXFrameworksBuildPhase section */
		DB5A68142CD7968800F1D151 /* Frameworks */ = {
			isa = PBXFrameworksBuildPhase;
			buildActionMask = 2147483647;
			files = (
				DB6E964E2D58501C007DBCF0 /* Kingfisher in Frameworks */,
				A3E579A77711374CA7E9B8D6 /* Pods_CartoonImages.framework in Frameworks */,
				DBF1EF462D15A0B0000FA4FE /* StoreKit.framework in Frameworks */,
			);
			runOnlyForDeploymentPostprocessing = 0;
		};
		DB5A68242CD7968A00F1D151 /* Frameworks */ = {
			isa = PBXFrameworksBuildPhase;
			buildActionMask = 2147483647;
			files = (
				392B79EEB384D4AA603A1FBF /* Pods_CartoonImagesTests.framework in Frameworks */,
			);
			runOnlyForDeploymentPostprocessing = 0;
		};
		DB5A682E2CD7968A00F1D151 /* Frameworks */ = {
			isa = PBXFrameworksBuildPhase;
			buildActionMask = 2147483647;
			files = (
				B6F13A374466FE21626F7205 /* Pods_CartoonImages_CartoonImagesUITests.framework in Frameworks */,
			);
			runOnlyForDeploymentPostprocessing = 0;
		};
/* End PBXFrameworksBuildPhase section */

/* Begin PBXGroup section */
		8A001F0E2B0B60DF40E03E59 /* Pods */ = {
			isa = PBXGroup;
			children = (
				9038C5FC2559873A082BB22C /* Pods-CartoonImages.debug.xcconfig */,
				731FB986F41F41B68FF708CD /* Pods-CartoonImages.release.xcconfig */,
				148B78E86428C44923E89C92 /* Pods-CartoonImages-CartoonImagesUITests.debug.xcconfig */,
				D347D9BE7FEA0A172EC8A770 /* Pods-CartoonImages-CartoonImagesUITests.release.xcconfig */,
				B835B7F1DB0DF1C6F2A073E2 /* Pods-CartoonImagesTests.debug.xcconfig */,
				618A6E0DF904189E0DA1C108 /* Pods-CartoonImagesTests.release.xcconfig */,
			);
			path = Pods;
			sourceTree = "<group>";
		};
		CF2F80AC905B8926B1C82204 /* Frameworks */ = {
			isa = PBXGroup;
			children = (
				DBF1EF452D15A0B0000FA4FE /* StoreKit.framework */,
				96D342CDF58A28354F783AFE /* Pods_CartoonImages.framework */,
				27B7592F3C5C08AEAABCB37B /* Pods_CartoonImages_CartoonImagesUITests.framework */,
				3343FEB1234EE9272DA26412 /* Pods_CartoonImagesTests.framework */,
			);
			name = Frameworks;
			sourceTree = "<group>";
		};
		DB26CE1B2D9282310011DEEB /* Componnents */ = {
			isa = PBXGroup;
			children = (
				DB26CE1F2D9282BF0011DEEB /* Payment */,
				DB26CE1E2D92825A0011DEEB /* ImageProcessing */,
				DB26CE1D2D92824F0011DEEB /* Home */,
				DB26CE1C2D9282410011DEEB /* Settings */,
			);
			path = Componnents;
			sourceTree = "<group>";
		};
		DB26CE1C2D9282410011DEEB /* Settings */ = {
			isa = PBXGroup;
			children = (
				DBFCDD802CF408410067D73C /* ShareSheet.swift */,
				DBFCDD7C2CF407870067D73C /* ProfileView.swift */,
				DBDE9CBF2D0B3354005EBAFC /* UserProfileView.swift */,
				DBFCDD7D2CF407870067D73C /* SettingsView.swift */,
				DB26CE202D9284270011DEEB /* AnnouncementView.swift */,
			);
			path = Settings;
			sourceTree = "<group>";
		};
		DB26CE1D2D92824F0011DEEB /* Home */ = {
			isa = PBXGroup;
			children = (
				DB2F11FC2CDBA12A005EF0E5 /* MainView.swift */,
			);
			path = Home;
			sourceTree = "<group>";
		};
		DB26CE1E2D92825A0011DEEB /* ImageProcessing */ = {
			isa = PBXGroup;
			children = (
				DBABC65C2CDE567F001FD8C0 /* ImageProcessingViewModel.swift */,
				DBEE755B2CF17B6A00A833AD /* PhotoConfirmationView.swift */,
				DB2F11E22CD7A0D5005EF0E5 /* ImagePicker.swift */,
				DB2F11D22CD7993D005EF0E5 /* ImageProcessingView.swift */,
				DB2CEB102CF077B7006D7C52 /* CustomCameraView.swift */,
			);
			path = ImageProcessing;
			sourceTree = "<group>";
		};
		DB26CE1F2D9282BF0011DEEB /* Payment */ = {
			isa = PBXGroup;
			children = (
				DBFCDD762CF2DEEA0067D73C /* PaymentView.swift */,
			);
			path = Payment;
			sourceTree = "<group>";
		};
		DB2F11D12CD7993D005EF0E5 /* Views */ = {
			isa = PBXGroup;
			children = (
				DBFCDD822CF5B6690067D73C /* Components */,
				DB2F11FB2CDBA129005EF0E5 /* LoginView.swift */,
				DB2F11D32CD7993D005EF0E5 /* ContentView.swift */,
			);
			path = Views;
			sourceTree = "<group>";
		};
		DB2F11F82CDB9FC9005EF0E5 /* Models */ = {
			isa = PBXGroup;
			children = (
				DB2F11F92CDB9FC9005EF0E5 /* User.swift */,
				DB080D7E2D07363900A602D9 /* ImageModel.swift */,
			);
			path = Models;
			sourceTree = "<group>";
		};
		DB2F11FF2CDBA404005EF0E5 /* Network */ = {
			isa = PBXGroup;
			children = (
				DB2F12002CDBA404005EF0E5 /* NetworkService.swift */,
				DB2F12012CDBA404005EF0E5 /* API.swift */,
			);
			path = Network;
			sourceTree = "<group>";
		};
		DB5A680E2CD7968800F1D151 = {
			isa = PBXGroup;
			children = (
				DBF1EF6C2D1A4878000FA4FE /* Toon.storekit */,
				DBF1EF552D16A091000FA4FE /* SharedConfig.xcconfig */,
				DBE1F8262D1010C600084871 /* Test1.storekit */,
				DB5A68192CD7968800F1D151 /* CartoonImages */,
				DB5A682A2CD7968A00F1D151 /* CartoonImagesTests */,
				DB5A68342CD7968A00F1D151 /* CartoonImagesUITests */,
				DB5A68182CD7968800F1D151 /* Products */,
				8A001F0E2B0B60DF40E03E59 /* Pods */,
				CF2F80AC905B8926B1C82204 /* Frameworks */,
			);
			sourceTree = "<group>";
		};
		DB5A68182CD7968800F1D151 /* Products */ = {
			isa = PBXGroup;
			children = (
				DB5A68172CD7968800F1D151 /* CartoonImages.app */,
				DB5A68272CD7968A00F1D151 /* CartoonImagesTests.xctest */,
				DB5A68312CD7968A00F1D151 /* CartoonImagesUITests.xctest */,
			);
			name = Products;
			sourceTree = "<group>";
		};
		DB5A68192CD7968800F1D151 /* CartoonImages */ = {
			isa = PBXGroup;
			children = (
				DBF1EF6A2D184968000FA4FE /* Info.plist */,
				DB26CE1B2D9282310011DEEB /* Componnents */,
				DBF1EF522D16A03E000FA4FE /* Extensions */,
				DBF1EF472D1694FE000FA4FE /* Resources */,
				DBE1F8272D12F7CC00084871 /* Resource */,
				DBABC6522CDE5100001FD8C0 /* Services */,
				DBABC6272CDC6A3B001FD8C0 /* Store */,
				DBABC6242CDC5281001FD8C0 /* Utils */,
				DB2F11FF2CDBA404005EF0E5 /* Network */,
				DB2F11F82CDB9FC9005EF0E5 /* Models */,
				DB2F11D12CD7993D005EF0E5 /* Views */,
				DB5A681A2CD7968800F1D151 /* CartoonImagesApp.swift */,
				DB5A681E2CD7968A00F1D151 /* Assets.xcassets */,
				DB5A68202CD7968A00F1D151 /* Preview Content */,
				DBFEA4982D0182FF007C73AE /*  LaunchScreen.storyboard */,
			);
			path = CartoonImages;
			sourceTree = "<group>";
		};
		DB5A68202CD7968A00F1D151 /* Preview Content */ = {
			isa = PBXGroup;
			children = (
				DB5A68212CD7968A00F1D151 /* Preview Assets.xcassets */,
			);
			path = "Preview Content";
			sourceTree = "<group>";
		};
		DB5A682A2CD7968A00F1D151 /* CartoonImagesTests */ = {
			isa = PBXGroup;
			children = (
				DB5A682B2CD7968A00F1D151 /* CartoonImagesTests.swift */,
			);
			path = CartoonImagesTests;
			sourceTree = "<group>";
		};
		DB5A68342CD7968A00F1D151 /* CartoonImagesUITests */ = {
			isa = PBXGroup;
			children = (
				DB5A68352CD7968A00F1D151 /* CartoonImagesUITests.swift */,
				DB5A68372CD7968A00F1D151 /* CartoonImagesUITestsLaunchTests.swift */,
			);
			path = CartoonImagesUITests;
			sourceTree = "<group>";
		};
		DBABC6242CDC5281001FD8C0 /* Utils */ = {
			isa = PBXGroup;
			children = (
				DBF1EF6F2D1BD466000FA4FE /* MailHelper.swift */,
				DBF1EF6D2D1A5E65000FA4FE /* Logger.swift */,
				DBF1EF682D183929000FA4FE /* WatermarkManager.swift */,
				DBF1EF662D182EAA000FA4FE /* NetworkPermissionManager.swift */,
				DBF1EF4C2D16951A000FA4FE /* LocalizationManager.swift */,
				DBFCDD7A2CF374EB0067D73C /* ThemeManager.swift */,
				DBABC6252CDC5281001FD8C0 /* ImageProcessor.swift */,
			);
			path = Utils;
			sourceTree = "<group>";
		};
		DBABC6272CDC6A3B001FD8C0 /* Store */ = {
			isa = PBXGroup;
			children = (
				DBABC6282CDC6A3B001FD8C0 /* Middleware */,
				DBABC62B2CDC6A3B001FD8C0 /* States */,
				DBABC62E2CDC6A3B001FD8C0 /* Actions */,
				DBABC6312CDC6A3B001FD8C0 /* Store.swift */,
				DBABC6322CDC6A3B001FD8C0 /* Reducers */,
			);
			path = Store;
			sourceTree = "<group>";
		};
		DBABC6282CDC6A3B001FD8C0 /* Middleware */ = {
			isa = PBXGroup;
			children = (
				DBABC6422CDC6B95001FD8C0 /* NetworkMiddleware.swift */,
			);
			path = Middleware;
			sourceTree = "<group>";
		};
		DBABC62B2CDC6A3B001FD8C0 /* States */ = {
			isa = PBXGroup;
			children = (
				DBABC62C2CDC6A3B001FD8C0 /* AppState.swift */,
			);
			path = States;
			sourceTree = "<group>";
		};
		DBABC62E2CDC6A3B001FD8C0 /* Actions */ = {
			isa = PBXGroup;
			children = (
				DBABC6572CDE512B001FD8C0 /* AuthAction.swift */,
				DBABC6552CDE5119001FD8C0 /* PaymentAction.swift */,
				DBABC62F2CDC6A3B001FD8C0 /* AppAction.swift */,
				DBABC6302CDC6A3B001FD8C0 /* ImageAction.swift */,
				DB26CE222D9285E90011DEEB /* ProfileAction.swift */,
			);
			path = Actions;
			sourceTree = "<group>";
		};
		DBABC6322CDC6A3B001FD8C0 /* Reducers */ = {
			isa = PBXGroup;
			children = (
				DBABC6592CDE513D001FD8C0 /* PaymentReducer.swift */,
				DBABC6502CDC717C001FD8C0 /* AuthReducer.swift */,
				DBABC6332CDC6A3B001FD8C0 /* ImageReducer.swift */,
				DBABC6342CDC6A3B001FD8C0 /* AppReducer.swift */,
				DB26CE242D9287680011DEEB /* ProfileReducer.swift */,
			);
			path = Reducers;
			sourceTree = "<group>";
		};
		DBABC6522CDE5100001FD8C0 /* Services */ = {
			isa = PBXGroup;
			children = (
				DBABC6532CDE5100001FD8C0 /* PaymentService.swift */,
			);
			path = Services;
			sourceTree = "<group>";
		};
		DBE1F8272D12F7CC00084871 /* Resource */ = {
			isa = PBXGroup;
			children = (
				DBF1EF5E2D16AA86000FA4FE /* PrivacyPolicy_en.txt */,
				DBF1EF602D16AA86000FA4FE /* PrivacyPolicy_zh.txt */,
				DBF1EF612D16AA86000FA4FE /* UserAgreement_en.txt */,
				DBF1EF5F2D16AA86000FA4FE /* UserAgreement_zh.txt */,
			);
			path = Resource;
			sourceTree = "<group>";
		};
		DBF1EF472D1694FE000FA4FE /* Resources */ = {
			isa = PBXGroup;
			children = (
				DBF1EF562D16A31C000FA4FE /* PrivacyPolicy.txt */,
				DBF1EF582D16A31C000FA4FE /* UserAgreement.txt */,
				DBF1EF4E2D169F45000FA4FE /* InfoPlist.strings */,
				DBF1EF482D1694FE000FA4FE /* Localizable.strings */,
			);
			path = Resources;
			sourceTree = "<group>";
		};
		DBF1EF522D16A03E000FA4FE /* Extensions */ = {
			isa = PBXGroup;
			children = (
				DBF1EF532D16A03E000FA4FE /* Bundle+Version.swift */,
			);
			path = Extensions;
			sourceTree = "<group>";
		};
		DBFCDD822CF5B6690067D73C /* Components */ = {
			isa = PBXGroup;
			children = (
				DBFCDD832CF5B6690067D73C /* ModelGridView.swift */,
				DBFCDD842CF5B6690067D73C /* CarouselView.swift */,
				DB37E12D2D087F0100319037 /* ImageModelTypeSelectionView.swift */,
				DB37E12F2D09DA1000319037 /* PaymentPlanView.swift */,
				DBE1F82A2D1301B200084871 /* UINavigationController+BackButton.swift */,
				DB05A7802D89AAAD00E0E38A /* ImageProcessingEffectSectionView.swift */,
			);
			path = Components;
			sourceTree = "<group>";
		};
/* End PBXGroup section */

/* Begin PBXNativeTarget section */
		DB5A68162CD7968800F1D151 /* CartoonImages */ = {
			isa = PBXNativeTarget;
			buildConfigurationList = DB5A683B2CD7968A00F1D151 /* Build configuration list for PBXNativeTarget "CartoonImages" */;
			buildPhases = (
				1FA38B7D378B7166A74E5CC3 /* [CP] Check Pods Manifest.lock */,
				DB5A68132CD7968800F1D151 /* Sources */,
				DB5A68142CD7968800F1D151 /* Frameworks */,
				DB5A68152CD7968800F1D151 /* Resources */,
				42E6F4C6038347607E386629 /* [CP] Embed Pods Frameworks */,
			);
			buildRules = (
			);
			dependencies = (
			);
			name = CartoonImages;
			productName = CartoonImages;
			productReference = DB5A68172CD7968800F1D151 /* CartoonImages.app */;
			productType = "com.apple.product-type.application";
		};
		DB5A68262CD7968A00F1D151 /* CartoonImagesTests */ = {
			isa = PBXNativeTarget;
			buildConfigurationList = DB5A683E2CD7968A00F1D151 /* Build configuration list for PBXNativeTarget "CartoonImagesTests" */;
			buildPhases = (
				C1D252E359C718C081F8984E /* [CP] Check Pods Manifest.lock */,
				DB5A68232CD7968A00F1D151 /* Sources */,
				DB5A68242CD7968A00F1D151 /* Frameworks */,
				DB5A68252CD7968A00F1D151 /* Resources */,
			);
			buildRules = (
			);
			dependencies = (
				DB5A68292CD7968A00F1D151 /* PBXTargetDependency */,
			);
			name = CartoonImagesTests;
			productName = CartoonImagesTests;
			productReference = DB5A68272CD7968A00F1D151 /* CartoonImagesTests.xctest */;
			productType = "com.apple.product-type.bundle.unit-test";
		};
		DB5A68302CD7968A00F1D151 /* CartoonImagesUITests */ = {
			isa = PBXNativeTarget;
			buildConfigurationList = DB5A68412CD7968A00F1D151 /* Build configuration list for PBXNativeTarget "CartoonImagesUITests" */;
			buildPhases = (
				14CD26D4AA1AE28F8FEB5026 /* [CP] Check Pods Manifest.lock */,
				DB5A682D2CD7968A00F1D151 /* Sources */,
				DB5A682E2CD7968A00F1D151 /* Frameworks */,
				DB5A682F2CD7968A00F1D151 /* Resources */,
				28AD72551818EBE5550D7B3B /* [CP] Embed Pods Frameworks */,
			);
			buildRules = (
			);
			dependencies = (
				DB5A68332CD7968A00F1D151 /* PBXTargetDependency */,
			);
			name = CartoonImagesUITests;
			productName = CartoonImagesUITests;
			productReference = DB5A68312CD7968A00F1D151 /* CartoonImagesUITests.xctest */;
			productType = "com.apple.product-type.bundle.ui-testing";
		};
/* End PBXNativeTarget section */

/* Begin PBXProject section */
		DB5A680F2CD7968800F1D151 /* Project object */ = {
			isa = PBXProject;
			attributes = {
				BuildIndependentTargetsInParallel = 1;
				LastSwiftUpdateCheck = 1510;
				LastUpgradeCheck = 1510;
				TargetAttributes = {
					DB5A68162CD7968800F1D151 = {
						CreatedOnToolsVersion = 15.1;
					};
					DB5A68262CD7968A00F1D151 = {
						CreatedOnToolsVersion = 15.1;
						TestTargetID = DB5A68162CD7968800F1D151;
					};
					DB5A68302CD7968A00F1D151 = {
						CreatedOnToolsVersion = 15.1;
						TestTargetID = DB5A68162CD7968800F1D151;
					};
				};
			};
			buildConfigurationList = DB5A68122CD7968800F1D151 /* Build configuration list for PBXProject "CartoonImages" */;
			compatibilityVersion = "Xcode 14.0";
			developmentRegion = en;
			hasScannedForEncodings = 0;
			knownRegions = (
				en,
				Base,
				"zh-Hans",
			);
			mainGroup = DB5A680E2CD7968800F1D151;
			packageReferences = (
				DB6E964C2D583D94007DBCF0 /* XCRemoteSwiftPackageReference "Kingfisher" */,
			);
			productRefGroup = DB5A68182CD7968800F1D151 /* Products */;
			projectDirPath = "";
			projectRoot = "";
			targets = (
				DB5A68162CD7968800F1D151 /* CartoonImages */,
				DB5A68262CD7968A00F1D151 /* CartoonImagesTests */,
				DB5A68302CD7968A00F1D151 /* CartoonImagesUITests */,
			);
		};
/* End PBXProject section */

/* Begin PBXResourcesBuildPhase section */
		DB5A68152CD7968800F1D151 /* Resources */ = {
			isa = PBXResourcesBuildPhase;
			buildActionMask = 2147483647;
			files = (
				DB5A68222CD7968A00F1D151 /* Preview Assets.xcassets in Resources */,
				DBF1EF642D16AA86000FA4FE /* PrivacyPolicy_zh.txt in Resources */,
				DBF1EF502D169F45000FA4FE /* InfoPlist.strings in Resources */,
				DBF1EF632D16AA86000FA4FE /* UserAgreement_zh.txt in Resources */,
				DBF1EF622D16AA86000FA4FE /* PrivacyPolicy_en.txt in Resources */,
				DBF1EF4B2D1694FE000FA4FE /* Localizable.strings in Resources */,
				DBF1EF5A2D16A31C000FA4FE /* PrivacyPolicy.txt in Resources */,
				DBF1EF652D16AA86000FA4FE /* UserAgreement_en.txt in Resources */,
				DBFEA4992D0182FF007C73AE /*  LaunchScreen.storyboard in Resources */,
				DBF1EF5B2D16A31C000FA4FE /* UserAgreement.txt in Resources */,
				DB5A681F2CD7968A00F1D151 /* Assets.xcassets in Resources */,
			);
			runOnlyForDeploymentPostprocessing = 0;
		};
		DB5A68252CD7968A00F1D151 /* Resources */ = {
			isa = PBXResourcesBuildPhase;
			buildActionMask = 2147483647;
			files = (
			);
			runOnlyForDeploymentPostprocessing = 0;
		};
		DB5A682F2CD7968A00F1D151 /* Resources */ = {
			isa = PBXResourcesBuildPhase;
			buildActionMask = 2147483647;
			files = (
			);
			runOnlyForDeploymentPostprocessing = 0;
		};
/* End PBXResourcesBuildPhase section */

/* Begin PBXShellScriptBuildPhase section */
		14CD26D4AA1AE28F8FEB5026 /* [CP] Check Pods Manifest.lock */ = {
			isa = PBXShellScriptBuildPhase;
			buildActionMask = 2147483647;
			files = (
			);
			inputFileListPaths = (
			);
			inputPaths = (
				"${PODS_PODFILE_DIR_PATH}/Podfile.lock",
				"${PODS_ROOT}/Manifest.lock",
			);
			name = "[CP] Check Pods Manifest.lock";
			outputFileListPaths = (
			);
			outputPaths = (
				"$(DERIVED_FILE_DIR)/Pods-CartoonImages-CartoonImagesUITests-checkManifestLockResult.txt",
			);
			runOnlyForDeploymentPostprocessing = 0;
			shellPath = /bin/sh;
			shellScript = "diff \"${PODS_PODFILE_DIR_PATH}/Podfile.lock\" \"${PODS_ROOT}/Manifest.lock\" > /dev/null\nif [ $? != 0 ] ; then\n    # print error to STDERR\n    echo \"error: The sandbox is not in sync with the Podfile.lock. Run 'pod install' or update your CocoaPods installation.\" >&2\n    exit 1\nfi\n# This output is used by Xcode 'outputs' to avoid re-running this script phase.\necho \"SUCCESS\" > \"${SCRIPT_OUTPUT_FILE_0}\"\n";
			showEnvVarsInLog = 0;
		};
		1FA38B7D378B7166A74E5CC3 /* [CP] Check Pods Manifest.lock */ = {
			isa = PBXShellScriptBuildPhase;
			buildActionMask = 2147483647;
			files = (
			);
			inputFileListPaths = (
			);
			inputPaths = (
				"${PODS_PODFILE_DIR_PATH}/Podfile.lock",
				"${PODS_ROOT}/Manifest.lock",
			);
			name = "[CP] Check Pods Manifest.lock";
			outputFileListPaths = (
			);
			outputPaths = (
				"$(DERIVED_FILE_DIR)/Pods-CartoonImages-checkManifestLockResult.txt",
			);
			runOnlyForDeploymentPostprocessing = 0;
			shellPath = /bin/sh;
			shellScript = "diff \"${PODS_PODFILE_DIR_PATH}/Podfile.lock\" \"${PODS_ROOT}/Manifest.lock\" > /dev/null\nif [ $? != 0 ] ; then\n    # print error to STDERR\n    echo \"error: The sandbox is not in sync with the Podfile.lock. Run 'pod install' or update your CocoaPods installation.\" >&2\n    exit 1\nfi\n# This output is used by Xcode 'outputs' to avoid re-running this script phase.\necho \"SUCCESS\" > \"${SCRIPT_OUTPUT_FILE_0}\"\n";
			showEnvVarsInLog = 0;
		};
		28AD72551818EBE5550D7B3B /* [CP] Embed Pods Frameworks */ = {
			isa = PBXShellScriptBuildPhase;
			buildActionMask = 2147483647;
			files = (
			);
			inputFileListPaths = (
				"${PODS_ROOT}/Target Support Files/Pods-CartoonImages-CartoonImagesUITests/Pods-CartoonImages-CartoonImagesUITests-frameworks-${CONFIGURATION}-input-files.xcfilelist",
			);
			name = "[CP] Embed Pods Frameworks";
			outputFileListPaths = (
				"${PODS_ROOT}/Target Support Files/Pods-CartoonImages-CartoonImagesUITests/Pods-CartoonImages-CartoonImagesUITests-frameworks-${CONFIGURATION}-output-files.xcfilelist",
			);
			runOnlyForDeploymentPostprocessing = 0;
			shellPath = /bin/sh;
			shellScript = "\"${PODS_ROOT}/Target Support Files/Pods-CartoonImages-CartoonImagesUITests/Pods-CartoonImages-CartoonImagesUITests-frameworks.sh\"\n";
			showEnvVarsInLog = 0;
		};
		42E6F4C6038347607E386629 /* [CP] Embed Pods Frameworks */ = {
			isa = PBXShellScriptBuildPhase;
			buildActionMask = 2147483647;
			files = (
			);
			inputFileListPaths = (
				"${PODS_ROOT}/Target Support Files/Pods-CartoonImages/Pods-CartoonImages-frameworks-${CONFIGURATION}-input-files.xcfilelist",
			);
			name = "[CP] Embed Pods Frameworks";
			outputFileListPaths = (
				"${PODS_ROOT}/Target Support Files/Pods-CartoonImages/Pods-CartoonImages-frameworks-${CONFIGURATION}-output-files.xcfilelist",
			);
			runOnlyForDeploymentPostprocessing = 0;
			shellPath = /bin/sh;
			shellScript = "\"${PODS_ROOT}/Target Support Files/Pods-CartoonImages/Pods-CartoonImages-frameworks.sh\"\n";
			showEnvVarsInLog = 0;
		};
		C1D252E359C718C081F8984E /* [CP] Check Pods Manifest.lock */ = {
			isa = PBXShellScriptBuildPhase;
			buildActionMask = 2147483647;
			files = (
			);
			inputFileListPaths = (
			);
			inputPaths = (
				"${PODS_PODFILE_DIR_PATH}/Podfile.lock",
				"${PODS_ROOT}/Manifest.lock",
			);
			name = "[CP] Check Pods Manifest.lock";
			outputFileListPaths = (
			);
			outputPaths = (
				"$(DERIVED_FILE_DIR)/Pods-CartoonImagesTests-checkManifestLockResult.txt",
			);
			runOnlyForDeploymentPostprocessing = 0;
			shellPath = /bin/sh;
			shellScript = "diff \"${PODS_PODFILE_DIR_PATH}/Podfile.lock\" \"${PODS_ROOT}/Manifest.lock\" > /dev/null\nif [ $? != 0 ] ; then\n    # print error to STDERR\n    echo \"error: The sandbox is not in sync with the Podfile.lock. Run 'pod install' or update your CocoaPods installation.\" >&2\n    exit 1\nfi\n# This output is used by Xcode 'outputs' to avoid re-running this script phase.\necho \"SUCCESS\" > \"${SCRIPT_OUTPUT_FILE_0}\"\n";
			showEnvVarsInLog = 0;
		};
/* End PBXShellScriptBuildPhase section */

/* Begin PBXSourcesBuildPhase section */
		DB5A68132CD7968800F1D151 /* Sources */ = {
			isa = PBXSourcesBuildPhase;
			buildActionMask = 2147483647;
			files = (
				DB2F11DC2CD7993D005EF0E5 /* ImageProcessingView.swift in Sources */,
				DBE1F82B2D1301B200084871 /* UINavigationController+BackButton.swift in Sources */,
				DBFCDD812CF408410067D73C /* ShareSheet.swift in Sources */,
				DBABC6582CDE512B001FD8C0 /* AuthAction.swift in Sources */,
				DB2F11FE2CDBA12A005EF0E5 /* MainView.swift in Sources */,
				DBABC6562CDE5119001FD8C0 /* PaymentAction.swift in Sources */,
				DB2F11DD2CD7993D005EF0E5 /* ContentView.swift in Sources */,
				DBFCDD862CF5B6690067D73C /* CarouselView.swift in Sources */,
				DB5A681B2CD7968800F1D151 /* CartoonImagesApp.swift in Sources */,
				DBABC6542CDE5100001FD8C0 /* PaymentService.swift in Sources */,
				DBF1EF542D16A03E000FA4FE /* Bundle+Version.swift in Sources */,
				DBFCDD772CF2DEEA0067D73C /* PaymentView.swift in Sources */,
				DBABC6262CDC5281001FD8C0 /* ImageProcessor.swift in Sources */,
				DB2F11FA2CDB9FC9005EF0E5 /* User.swift in Sources */,
				DBABC64B2CDC6B95001FD8C0 /* NetworkMiddleware.swift in Sources */,
				DBABC63A2CDC6A3B001FD8C0 /* AppAction.swift in Sources */,
				DBFCDD7E2CF407870067D73C /* ProfileView.swift in Sources */,
				DB2F12022CDBA404005EF0E5 /* NetworkService.swift in Sources */,
				DBABC63D2CDC6A3B001FD8C0 /* ImageReducer.swift in Sources */,
				DB37E1302D09DA1000319037 /* PaymentPlanView.swift in Sources */,
				DBABC63C2CDC6A3B001FD8C0 /* Store.swift in Sources */,
				DBDE9CC02D0B3354005EBAFC /* UserProfileView.swift in Sources */,
				DB2F11E62CD7A0D5005EF0E5 /* ImagePicker.swift in Sources */,
				DBF1EF4D2D16951A000FA4FE /* LocalizationManager.swift in Sources */,
				DBABC6512CDC717C001FD8C0 /* AuthReducer.swift in Sources */,
				DB26CE212D9284270011DEEB /* AnnouncementView.swift in Sources */,
				DBF1EF6E2D1A5E65000FA4FE /* Logger.swift in Sources */,
				DBFCDD7F2CF407870067D73C /* SettingsView.swift in Sources */,
				DB2CEB112CF077B7006D7C52 /* CustomCameraView.swift in Sources */,
				DB080D7F2D07363900A602D9 /* ImageModel.swift in Sources */,
				DBF1EF692D183929000FA4FE /* WatermarkManager.swift in Sources */,
				DBEE755C2CF17B6A00A833AD /* PhotoConfirmationView.swift in Sources */,
				DB2F11FD2CDBA12A005EF0E5 /* LoginView.swift in Sources */,
				DBABC6382CDC6A3B001FD8C0 /* AppState.swift in Sources */,
				DBABC65D2CDE567F001FD8C0 /* ImageProcessingViewModel.swift in Sources */,
				DB05A7812D89AAAD00E0E38A /* ImageProcessingEffectSectionView.swift in Sources */,
				DBABC63B2CDC6A3B001FD8C0 /* ImageAction.swift in Sources */,
				DBABC65A2CDE513D001FD8C0 /* PaymentReducer.swift in Sources */,
				DBABC63E2CDC6A3B001FD8C0 /* AppReducer.swift in Sources */,
				DB26CE252D9287680011DEEB /* ProfileReducer.swift in Sources */,
				DBFCDD852CF5B6690067D73C /* ModelGridView.swift in Sources */,
				DB37E12E2D087F0100319037 /* ImageModelTypeSelectionView.swift in Sources */,
				DB2F12032CDBA404005EF0E5 /* API.swift in Sources */,
				DBF1EF702D1BD466000FA4FE /* MailHelper.swift in Sources */,
				DBFCDD7B2CF374EB0067D73C /* ThemeManager.swift in Sources */,
				DBF1EF672D182EAA000FA4FE /* NetworkPermissionManager.swift in Sources */,
				DB26CE232D9285E90011DEEB /* ProfileAction.swift in Sources */,
			);
			runOnlyForDeploymentPostprocessing = 0;
		};
		DB5A68232CD7968A00F1D151 /* Sources */ = {
			isa = PBXSourcesBuildPhase;
			buildActionMask = 2147483647;
			files = (
				DB5A682C2CD7968A00F1D151 /* CartoonImagesTests.swift in Sources */,
			);
			runOnlyForDeploymentPostprocessing = 0;
		};
		DB5A682D2CD7968A00F1D151 /* Sources */ = {
			isa = PBXSourcesBuildPhase;
			buildActionMask = 2147483647;
			files = (
				DB5A68362CD7968A00F1D151 /* CartoonImagesUITests.swift in Sources */,
				DB5A68382CD7968A00F1D151 /* CartoonImagesUITestsLaunchTests.swift in Sources */,
			);
			runOnlyForDeploymentPostprocessing = 0;
		};
/* End PBXSourcesBuildPhase section */

/* Begin PBXTargetDependency section */
		DB5A68292CD7968A00F1D151 /* PBXTargetDependency */ = {
			isa = PBXTargetDependency;
			target = DB5A68162CD7968800F1D151 /* CartoonImages */;
			targetProxy = DB5A68282CD7968A00F1D151 /* PBXContainerItemProxy */;
		};
		DB5A68332CD7968A00F1D151 /* PBXTargetDependency */ = {
			isa = PBXTargetDependency;
			target = DB5A68162CD7968800F1D151 /* CartoonImages */;
			targetProxy = DB5A68322CD7968A00F1D151 /* PBXContainerItemProxy */;
		};
/* End PBXTargetDependency section */

/* Begin PBXVariantGroup section */
		DBF1EF482D1694FE000FA4FE /* Localizable.strings */ = {
			isa = PBXVariantGroup;
			children = (
				DBF1EF492D1694FE000FA4FE /* zh-Hans */,
				DBF1EF4A2D1694FE000FA4FE /* en */,
			);
			name = Localizable.strings;
			sourceTree = "<group>";
		};
		DBF1EF4E2D169F45000FA4FE /* InfoPlist.strings */ = {
			isa = PBXVariantGroup;
			children = (
				DBF1EF4F2D169F45000FA4FE /* en */,
				DBF1EF512D169F5D000FA4FE /* zh-Hans */,
			);
			name = InfoPlist.strings;
			sourceTree = "<group>";
		};
		DBF1EF562D16A31C000FA4FE /* PrivacyPolicy.txt */ = {
			isa = PBXVariantGroup;
			children = (
				DBF1EF572D16A31C000FA4FE /* en */,
				DBF1EF5C2D16A349000FA4FE /* zh-Hans */,
			);
			name = PrivacyPolicy.txt;
			sourceTree = "<group>";
		};
		DBF1EF582D16A31C000FA4FE /* UserAgreement.txt */ = {
			isa = PBXVariantGroup;
			children = (
				DBF1EF592D16A31C000FA4FE /* en */,
				DBF1EF5D2D16A349000FA4FE /* zh-Hans */,
			);
			name = UserAgreement.txt;
			sourceTree = "<group>";
		};
/* End PBXVariantGroup section */

/* Begin XCBuildConfiguration section */
		DB5A68392CD7968A00F1D151 /* Debug */ = {
			isa = XCBuildConfiguration;
			baseConfigurationReference = DBF1EF552D16A091000FA4FE /* SharedConfig.xcconfig */;
			buildSettings = {
				ALWAYS_SEARCH_USER_PATHS = NO;
				ASSETCATALOG_COMPILER_GENERATE_SWIFT_ASSET_SYMBOL_EXTENSIONS = YES;
				CLANG_ANALYZER_NONNULL = YES;
				CLANG_ANALYZER_NUMBER_OBJECT_CONVERSION = YES_AGGRESSIVE;
				CLANG_CXX_LANGUAGE_STANDARD = "gnu++20";
				CLANG_ENABLE_MODULES = YES;
				CLANG_ENABLE_OBJC_ARC = YES;
				CLANG_ENABLE_OBJC_WEAK = YES;
				CLANG_WARN_BLOCK_CAPTURE_AUTORELEASING = YES;
				CLANG_WARN_BOOL_CONVERSION = YES;
				CLANG_WARN_COMMA = YES;
				CLANG_WARN_CONSTANT_CONVERSION = YES;
				CLANG_WARN_DEPRECATED_OBJC_IMPLEMENTATIONS = YES;
				CLANG_WARN_DIRECT_OBJC_ISA_USAGE = YES_ERROR;
				CLANG_WARN_DOCUMENTATION_COMMENTS = YES;
				CLANG_WARN_EMPTY_BODY = YES;
				CLANG_WARN_ENUM_CONVERSION = YES;
				CLANG_WARN_INFINITE_RECURSION = YES;
				CLANG_WARN_INT_CONVERSION = YES;
				CLANG_WARN_NON_LITERAL_NULL_CONVERSION = YES;
				CLANG_WARN_OBJC_IMPLICIT_RETAIN_SELF = YES;
				CLANG_WARN_OBJC_LITERAL_CONVERSION = YES;
				CLANG_WARN_OBJC_ROOT_CLASS = YES_ERROR;
				CLANG_WARN_QUOTED_INCLUDE_IN_FRAMEWORK_HEADER = YES;
				CLANG_WARN_RANGE_LOOP_ANALYSIS = YES;
				CLANG_WARN_STRICT_PROTOTYPES = YES;
				CLANG_WARN_SUSPICIOUS_MOVE = YES;
				CLANG_WARN_UNGUARDED_AVAILABILITY = YES_AGGRESSIVE;
				CLANG_WARN_UNREACHABLE_CODE = YES;
				CLANG_WARN__DUPLICATE_METHOD_MATCH = YES;
				COPY_PHASE_STRIP = NO;
				DEBUG_INFORMATION_FORMAT = dwarf;
				ENABLE_STRICT_OBJC_MSGSEND = YES;
				ENABLE_TESTABILITY = YES;
				ENABLE_USER_SCRIPT_SANDBOXING = YES;
				GCC_C_LANGUAGE_STANDARD = gnu17;
				GCC_DYNAMIC_NO_PIC = NO;
				GCC_NO_COMMON_BLOCKS = YES;
				GCC_OPTIMIZATION_LEVEL = 0;
				GCC_PREPROCESSOR_DEFINITIONS = (
					"DEBUG=1",
					"$(inherited)",
				);
				GCC_WARN_64_TO_32_BIT_CONVERSION = YES;
				GCC_WARN_ABOUT_RETURN_TYPE = YES_ERROR;
				GCC_WARN_UNDECLARED_SELECTOR = YES;
				GCC_WARN_UNINITIALIZED_AUTOS = YES_AGGRESSIVE;
				GCC_WARN_UNUSED_FUNCTION = YES;
				GCC_WARN_UNUSED_VARIABLE = YES;
				IPHONEOS_DEPLOYMENT_TARGET = 17.2;
				LOCALIZATION_PREFERS_STRING_CATALOGS = YES;
				MTL_ENABLE_DEBUG_INFO = INCLUDE_SOURCE;
				MTL_FAST_MATH = YES;
				ONLY_ACTIVE_ARCH = YES;
				SDKROOT = iphoneos;
				SWIFT_ACTIVE_COMPILATION_CONDITIONS = "DEBUG $(inherited)";
				SWIFT_OPTIMIZATION_LEVEL = "-Onone";
			};
			name = Debug;
		};
		DB5A683A2CD7968A00F1D151 /* Release */ = {
			isa = XCBuildConfiguration;
			baseConfigurationReference = DBF1EF552D16A091000FA4FE /* SharedConfig.xcconfig */;
			buildSettings = {
				ALWAYS_SEARCH_USER_PATHS = NO;
				ASSETCATALOG_COMPILER_GENERATE_SWIFT_ASSET_SYMBOL_EXTENSIONS = YES;
				CLANG_ANALYZER_NONNULL = YES;
				CLANG_ANALYZER_NUMBER_OBJECT_CONVERSION = YES_AGGRESSIVE;
				CLANG_CXX_LANGUAGE_STANDARD = "gnu++20";
				CLANG_ENABLE_MODULES = YES;
				CLANG_ENABLE_OBJC_ARC = YES;
				CLANG_ENABLE_OBJC_WEAK = YES;
				CLANG_WARN_BLOCK_CAPTURE_AUTORELEASING = YES;
				CLANG_WARN_BOOL_CONVERSION = YES;
				CLANG_WARN_COMMA = YES;
				CLANG_WARN_CONSTANT_CONVERSION = YES;
				CLANG_WARN_DEPRECATED_OBJC_IMPLEMENTATIONS = YES;
				CLANG_WARN_DIRECT_OBJC_ISA_USAGE = YES_ERROR;
				CLANG_WARN_DOCUMENTATION_COMMENTS = YES;
				CLANG_WARN_EMPTY_BODY = YES;
				CLANG_WARN_ENUM_CONVERSION = YES;
				CLANG_WARN_INFINITE_RECURSION = YES;
				CLANG_WARN_INT_CONVERSION = YES;
				CLANG_WARN_NON_LITERAL_NULL_CONVERSION = YES;
				CLANG_WARN_OBJC_IMPLICIT_RETAIN_SELF = YES;
				CLANG_WARN_OBJC_LITERAL_CONVERSION = YES;
				CLANG_WARN_OBJC_ROOT_CLASS = YES_ERROR;
				CLANG_WARN_QUOTED_INCLUDE_IN_FRAMEWORK_HEADER = YES;
				CLANG_WARN_RANGE_LOOP_ANALYSIS = YES;
				CLANG_WARN_STRICT_PROTOTYPES = YES;
				CLANG_WARN_SUSPICIOUS_MOVE = YES;
				CLANG_WARN_UNGUARDED_AVAILABILITY = YES_AGGRESSIVE;
				CLANG_WARN_UNREACHABLE_CODE = YES;
				CLANG_WARN__DUPLICATE_METHOD_MATCH = YES;
				COPY_PHASE_STRIP = NO;
				DEBUG_INFORMATION_FORMAT = "dwarf-with-dsym";
				ENABLE_NS_ASSERTIONS = NO;
				ENABLE_STRICT_OBJC_MSGSEND = YES;
				ENABLE_USER_SCRIPT_SANDBOXING = YES;
				GCC_C_LANGUAGE_STANDARD = gnu17;
				GCC_NO_COMMON_BLOCKS = YES;
				GCC_WARN_64_TO_32_BIT_CONVERSION = YES;
				GCC_WARN_ABOUT_RETURN_TYPE = YES_ERROR;
				GCC_WARN_UNDECLARED_SELECTOR = YES;
				GCC_WARN_UNINITIALIZED_AUTOS = YES_AGGRESSIVE;
				GCC_WARN_UNUSED_FUNCTION = YES;
				GCC_WARN_UNUSED_VARIABLE = YES;
				IPHONEOS_DEPLOYMENT_TARGET = 17.2;
				LOCALIZATION_PREFERS_STRING_CATALOGS = YES;
				MTL_ENABLE_DEBUG_INFO = NO;
				MTL_FAST_MATH = YES;
				SDKROOT = iphoneos;
				SWIFT_COMPILATION_MODE = wholemodule;
				VALIDATE_PRODUCT = YES;
			};
			name = Release;
		};
		DB5A683C2CD7968A00F1D151 /* Debug */ = {
			isa = XCBuildConfiguration;
			baseConfigurationReference = 9038C5FC2559873A082BB22C /* Pods-CartoonImages.debug.xcconfig */;
			buildSettings = {
				ASSETCATALOG_COMPILER_APPICON_NAME = AppIcon;
				ASSETCATALOG_COMPILER_GLOBAL_ACCENT_COLOR_NAME = AccentColor;
				CODE_SIGN_IDENTITY = "Apple Development";
				CODE_SIGN_STYLE = Automatic;
				CURRENT_PROJECT_VERSION = 1;
				DEVELOPMENT_ASSET_PATHS = "\"CartoonImages/Preview Content\"";
				DEVELOPMENT_TEAM = ZLNRJW7978;
				ENABLE_PREVIEWS = YES;
				ENABLE_USER_SCRIPT_SANDBOXING = NO;
				GENERATE_INFOPLIST_FILE = YES;
				INFOPLIST_FILE = CartoonImages/Info.plist;
				INFOPLIST_KEY_NSCameraUsageDescription = "需要访问相机以拍摄照片";
				INFOPLIST_KEY_NSPhotoLibraryUsageDescription = "需要访问相册以保存照片";
				INFOPLIST_KEY_UIApplicationSceneManifest_Generation = YES;
				INFOPLIST_KEY_UIApplicationSupportsIndirectInputEvents = YES;
				INFOPLIST_KEY_UILaunchScreen_Generation = YES;
				INFOPLIST_KEY_UILaunchStoryboardName = " LaunchScreen";
				INFOPLIST_KEY_UIStatusBarStyle = UIStatusBarStyleLightContent;
				INFOPLIST_KEY_UISupportedInterfaceOrientations = "UIInterfaceOrientationLandscapeLeft UIInterfaceOrientationLandscapeRight UIInterfaceOrientationPortrait";
				IPHONEOS_DEPLOYMENT_TARGET = 17.0;
				LD_RUNPATH_SEARCH_PATHS = (
					"$(inherited)",
					"@executable_path/Frameworks",
				);
				PRODUCT_BUNDLE_IDENTIFIER = com.roger.dd;
				PRODUCT_NAME = "$(TARGET_NAME)";
				PROVISIONING_PROFILE_SPECIFIER = "";
				SUPPORTED_PLATFORMS = "iphoneos iphonesimulator";
				SUPPORTS_MACCATALYST = NO;
				SUPPORTS_XR_DESIGNED_FOR_IPHONE_IPAD = NO;
				SWIFT_EMIT_LOC_STRINGS = YES;
				SWIFT_VERSION = 5.0;
				TARGETED_DEVICE_FAMILY = 1;
			};
			name = Debug;
		};
		DB5A683D2CD7968A00F1D151 /* Release */ = {
			isa = XCBuildConfiguration;
			baseConfigurationReference = 731FB986F41F41B68FF708CD /* Pods-CartoonImages.release.xcconfig */;
			buildSettings = {
				ASSETCATALOG_COMPILER_APPICON_NAME = AppIcon;
				ASSETCATALOG_COMPILER_GLOBAL_ACCENT_COLOR_NAME = AccentColor;
				CODE_SIGN_IDENTITY = "Apple Development";
				CODE_SIGN_STYLE = Automatic;
				CURRENT_PROJECT_VERSION = 1;
				DEVELOPMENT_ASSET_PATHS = "\"CartoonImages/Preview Content\"";
				DEVELOPMENT_TEAM = ZLNRJW7978;
				ENABLE_PREVIEWS = YES;
				ENABLE_USER_SCRIPT_SANDBOXING = NO;
				GENERATE_INFOPLIST_FILE = YES;
				INFOPLIST_FILE = CartoonImages/Info.plist;
				INFOPLIST_KEY_NSCameraUsageDescription = "需要访问相机以拍摄照片";
				INFOPLIST_KEY_NSPhotoLibraryUsageDescription = "需要访问相册以保存照片";
				INFOPLIST_KEY_UIApplicationSceneManifest_Generation = YES;
				INFOPLIST_KEY_UIApplicationSupportsIndirectInputEvents = YES;
				INFOPLIST_KEY_UILaunchScreen_Generation = YES;
				INFOPLIST_KEY_UILaunchStoryboardName = " LaunchScreen";
				INFOPLIST_KEY_UIStatusBarStyle = UIStatusBarStyleLightContent;
				INFOPLIST_KEY_UISupportedInterfaceOrientations = "UIInterfaceOrientationLandscapeLeft UIInterfaceOrientationLandscapeRight UIInterfaceOrientationPortrait";
				IPHONEOS_DEPLOYMENT_TARGET = 17.0;
				LD_RUNPATH_SEARCH_PATHS = (
					"$(inherited)",
					"@executable_path/Frameworks",
				);
				PRODUCT_BUNDLE_IDENTIFIER = com.roger.dd;
				PRODUCT_NAME = "$(TARGET_NAME)";
				PROVISIONING_PROFILE_SPECIFIER = "";
				SUPPORTED_PLATFORMS = "iphoneos iphonesimulator";
				SUPPORTS_MACCATALYST = NO;
				SUPPORTS_XR_DESIGNED_FOR_IPHONE_IPAD = NO;
				SWIFT_EMIT_LOC_STRINGS = YES;
				SWIFT_VERSION = 5.0;
				TARGETED_DEVICE_FAMILY = 1;
			};
			name = Release;
		};
		DB5A683F2CD7968A00F1D151 /* Debug */ = {
			isa = XCBuildConfiguration;
			baseConfigurationReference = B835B7F1DB0DF1C6F2A073E2 /* Pods-CartoonImagesTests.debug.xcconfig */;
			buildSettings = {
				ALWAYS_EMBED_SWIFT_STANDARD_LIBRARIES = YES;
				BUNDLE_LOADER = "$(TEST_HOST)";
				CODE_SIGN_STYLE = Automatic;
				CURRENT_PROJECT_VERSION = 1;
				DEVELOPMENT_TEAM = ZLNRJW7978;
				GENERATE_INFOPLIST_FILE = YES;
				IPHONEOS_DEPLOYMENT_TARGET = 17.2;
				PRODUCT_BUNDLE_IDENTIFIER = com.roger.zhang.CartoonImagesTests;
				PRODUCT_NAME = "$(TARGET_NAME)";
				SWIFT_EMIT_LOC_STRINGS = NO;
				SWIFT_VERSION = 5.0;
				TARGETED_DEVICE_FAMILY = "1,2";
				TEST_HOST = "$(BUILT_PRODUCTS_DIR)/CartoonImages.app/$(BUNDLE_EXECUTABLE_FOLDER_PATH)/CartoonImages";
			};
			name = Debug;
		};
		DB5A68402CD7968A00F1D151 /* Release */ = {
			isa = XCBuildConfiguration;
			baseConfigurationReference = 618A6E0DF904189E0DA1C108 /* Pods-CartoonImagesTests.release.xcconfig */;
			buildSettings = {
				ALWAYS_EMBED_SWIFT_STANDARD_LIBRARIES = YES;
				BUNDLE_LOADER = "$(TEST_HOST)";
				CODE_SIGN_STYLE = Automatic;
				CURRENT_PROJECT_VERSION = 1;
				DEVELOPMENT_TEAM = ZLNRJW7978;
				GENERATE_INFOPLIST_FILE = YES;
				IPHONEOS_DEPLOYMENT_TARGET = 17.2;
				PRODUCT_BUNDLE_IDENTIFIER = com.roger.zhang.CartoonImagesTests;
				PRODUCT_NAME = "$(TARGET_NAME)";
				SWIFT_EMIT_LOC_STRINGS = NO;
				SWIFT_VERSION = 5.0;
				TARGETED_DEVICE_FAMILY = "1,2";
				TEST_HOST = "$(BUILT_PRODUCTS_DIR)/CartoonImages.app/$(BUNDLE_EXECUTABLE_FOLDER_PATH)/CartoonImages";
			};
			name = Release;
		};
		DB5A68422CD7968A00F1D151 /* Debug */ = {
			isa = XCBuildConfiguration;
			baseConfigurationReference = 148B78E86428C44923E89C92 /* Pods-CartoonImages-CartoonImagesUITests.debug.xcconfig */;
			buildSettings = {
				ALWAYS_EMBED_SWIFT_STANDARD_LIBRARIES = YES;
				CODE_SIGN_STYLE = Automatic;
				CURRENT_PROJECT_VERSION = 1;
				DEVELOPMENT_TEAM = ZLNRJW7978;
				GENERATE_INFOPLIST_FILE = YES;
				PRODUCT_BUNDLE_IDENTIFIER = com.roger.zhang.CartoonImagesUITests;
				PRODUCT_NAME = "$(TARGET_NAME)";
				SWIFT_EMIT_LOC_STRINGS = NO;
				SWIFT_VERSION = 5.0;
				TARGETED_DEVICE_FAMILY = "1,2";
				TEST_TARGET_NAME = CartoonImages;
			};
			name = Debug;
		};
		DB5A68432CD7968A00F1D151 /* Release */ = {
			isa = XCBuildConfiguration;
			baseConfigurationReference = D347D9BE7FEA0A172EC8A770 /* Pods-CartoonImages-CartoonImagesUITests.release.xcconfig */;
			buildSettings = {
				ALWAYS_EMBED_SWIFT_STANDARD_LIBRARIES = YES;
				CODE_SIGN_STYLE = Automatic;
				CURRENT_PROJECT_VERSION = 1;
				DEVELOPMENT_TEAM = ZLNRJW7978;
				GENERATE_INFOPLIST_FILE = YES;
				PRODUCT_BUNDLE_IDENTIFIER = com.roger.zhang.CartoonImagesUITests;
				PRODUCT_NAME = "$(TARGET_NAME)";
				SWIFT_EMIT_LOC_STRINGS = NO;
				SWIFT_VERSION = 5.0;
				TARGETED_DEVICE_FAMILY = "1,2";
				TEST_TARGET_NAME = CartoonImages;
			};
			name = Release;
		};
/* End XCBuildConfiguration section */

/* Begin XCConfigurationList section */
		DB5A68122CD7968800F1D151 /* Build configuration list for PBXProject "CartoonImages" */ = {
			isa = XCConfigurationList;
			buildConfigurations = (
				DB5A68392CD7968A00F1D151 /* Debug */,
				DB5A683A2CD7968A00F1D151 /* Release */,
			);
			defaultConfigurationIsVisible = 0;
			defaultConfigurationName = Release;
		};
		DB5A683B2CD7968A00F1D151 /* Build configuration list for PBXNativeTarget "CartoonImages" */ = {
			isa = XCConfigurationList;
			buildConfigurations = (
				DB5A683C2CD7968A00F1D151 /* Debug */,
				DB5A683D2CD7968A00F1D151 /* Release */,
			);
			defaultConfigurationIsVisible = 0;
			defaultConfigurationName = Release;
		};
		DB5A683E2CD7968A00F1D151 /* Build configuration list for PBXNativeTarget "CartoonImagesTests" */ = {
			isa = XCConfigurationList;
			buildConfigurations = (
				DB5A683F2CD7968A00F1D151 /* Debug */,
				DB5A68402CD7968A00F1D151 /* Release */,
			);
			defaultConfigurationIsVisible = 0;
			defaultConfigurationName = Release;
		};
		DB5A68412CD7968A00F1D151 /* Build configuration list for PBXNativeTarget "CartoonImagesUITests" */ = {
			isa = XCConfigurationList;
			buildConfigurations = (
				DB5A68422CD7968A00F1D151 /* Debug */,
				DB5A68432CD7968A00F1D151 /* Release */,
			);
			defaultConfigurationIsVisible = 0;
			defaultConfigurationName = Release;
		};
/* End XCConfigurationList section */

/* Begin XCRemoteSwiftPackageReference section */
		DB6E964C2D583D94007DBCF0 /* XCRemoteSwiftPackageReference "Kingfisher" */ = {
			isa = XCRemoteSwiftPackageReference;
			repositoryURL = "https://github.com/onevcat/Kingfisher";
			requirement = {
				kind = upToNextMajorVersion;
				minimumVersion = 8.2.0;
			};
		};
/* End XCRemoteSwiftPackageReference section */

/* Begin XCSwiftPackageProductDependency section */
		DB6E964D2D58501C007DBCF0 /* Kingfisher */ = {
			isa = XCSwiftPackageProductDependency;
			package = DB6E964C2D583D94007DBCF0 /* XCRemoteSwiftPackageReference "Kingfisher" */;
			productName = Kingfisher;
		};
/* End XCSwiftPackageProductDependency section */
	};
	rootObject = DB5A680F2CD7968800F1D151 /* Project object */;
}
